
Microsoft Visual Studio Solution File, Format Version 12.00
# Visual Studio Version 16
VisualStudioVersion = 16.0.29306.81
MinimumVisualStudioVersion = 10.0.40219.1
Project("{FAE04EC0-301F-11D3-BF4B-00C04F79EFBC}") = "markoGalavicPonavljanje5", "markoGalavicPonavljanje5\markoGalavicPonavljanje5.csproj", "{888D64A7-D611-4E08-82EF-72F47E7E880F}"
EndProject
Global
	GlobalSection(SolutionConfigurationPlatforms) = preSolution
		Debug|Any CPU = Debug|Any CPU
		Release|Any CPU = Release|Any CPU
	EndGlobalSection
	GlobalSection(ProjectConfigurationPlatforms) = postSolution
		{888D64A7-D611-4E08-82EF-72F47E7E880F}.Debug|Any CPU.ActiveCfg = Debug|Any CPU
		{888D64A7-D611-4E08-82EF-72F47E7E880F}.Debug|Any CPU.Build.0 = Debug|Any CPU
		{888D64A7-D611-4E08-82EF-72F47E7E880F}.Release|Any CPU.ActiveCfg = Release|Any CPU
		{888D64A7-D611-4E08-82EF-72F47E7E880F}.Release|Any CPU.Build.0 = Release|Any CPU
	EndGlobalSection
	GlobalSection(SolutionProperties) = preSolution
		HideSolutionNode = FALSE
	EndGlobalSection
	GlobalSection(ExtensibilityGlobals) = postSolution
		SolutionGuid = {4C04C9EE-40F7-4071-AB9E-D4836ABA70AE}
	EndGlobalSection
EndGlobal
